
Microsoft Visual Studio Solution File, Format Version 12.00
# Visual Studio Version 17
VisualStudioVersion = 17.12.35527.113 d17.12
MinimumVisualStudioVersion = 10.0.40219.1
Project("{FAE04EC0-301F-11D3-BF4B-00C04F79EFBC}") = "P1F_MATA", "P1F_MATA\P1F_MATA.csproj", "{A480B4A9-4279-459B-A741-7DB260BCBFCC}"
EndProject
Global
	GlobalSection(SolutionConfigurationPlatforms) = preSolution
		Debug|Any CPU = Debug|Any CPU
		Release|Any CPU = Release|Any CPU
	EndGlobalSection
	GlobalSection(ProjectConfigurationPlatforms) = postSolution
		{A480B4A9-4279-459B-A741-7DB260BCBFCC}.Debug|Any CPU.ActiveCfg = Debug|Any CPU
		{A480B4A9-4279-459B-A741-7DB260BCBFCC}.Debug|Any CPU.Build.0 = Debug|Any CPU
		{A480B4A9-4279-459B-A741-7DB260BCBFCC}.Release|Any CPU.ActiveCfg = Release|Any CPU
		{A480B4A9-4279-459B-A741-7DB260BCBFCC}.Release|Any CPU.Build.0 = Release|Any CPU
	EndGlobalSection
	GlobalSection(SolutionProperties) = preSolution
		HideSolutionNode = FALSE
	EndGlobalSection
EndGlobal
